
Microsoft Visual Studio Solution File, Format Version 12.00
# Visual Studio 2013
VisualStudioVersion = 12.0.31101.0
MinimumVisualStudioVersion = 10.0.40219.1
Project("{FAE04EC0-301F-11D3-BF4B-00C04F79EFBC}") = "MediaMonitoringSystem.Models", "MediaMonitoringSystem.Models\MediaMonitoringSystem.Models.csproj", "{0C011E1A-DB91-498C-8647-B20DB228835C}"
EndProject
Project("{FAE04EC0-301F-11D3-BF4B-00C04F79EFBC}") = "MediaMonitoringSystem.Data", "MediaMonitoringSystem.Data\MediaMonitoringSystem.Data.csproj", "{15248EAC-537D-4BBF-8D04-E57DA4405DB2}"
EndProject
Project("{FAE04EC0-301F-11D3-BF4B-00C04F79EFBC}") = "MediaMonitoringSystem.ConsoleClient", "MediaMonitoringSystem.ConsoleClient\MediaMonitoringSystem.ConsoleClient.csproj", "{E33637C7-2733-4A1B-B8F8-A205A89CF881}"
EndProject
Project("{FAE04EC0-301F-11D3-BF4B-00C04F79EFBC}") = "MediaMonitoringSystem.Exporters", "MediaMonitoringSystem.Exporters\MediaMonitoringSystem.Exporters.csproj", "{3DC6ECD4-5D05-4FE3-99AF-7BEEDFEA88E0}"
EndProject
Project("{FAE04EC0-301F-11D3-BF4B-00C04F79EFBC}") = "MediaMonitoringSystem.Importers", "MediaMonitoringSystem.Importers\MediaMonitoringSystem.Importers.csproj", "{389A609F-3509-4CAE-A169-76EACCA4BF2B}"
EndProject
Project("{FAE04EC0-301F-11D3-BF4B-00C04F79EFBC}") = "MediaMonitoringSystem.Generator", "MediaMonitoringSystem.Generator\MediaMonitoringSystem.Generator.csproj", "{856E1A55-0590-45FF-A135-BE08225526F3}"
EndProject
Global
	GlobalSection(SolutionConfigurationPlatforms) = preSolution
		Debug|Any CPU = Debug|Any CPU
		Release|Any CPU = Release|Any CPU
	EndGlobalSection
	GlobalSection(ProjectConfigurationPlatforms) = postSolution
		{0C011E1A-DB91-498C-8647-B20DB228835C}.Debug|Any CPU.ActiveCfg = Debug|Any CPU
		{0C011E1A-DB91-498C-8647-B20DB228835C}.Debug|Any CPU.Build.0 = Debug|Any CPU
		{0C011E1A-DB91-498C-8647-B20DB228835C}.Release|Any CPU.ActiveCfg = Release|Any CPU
		{0C011E1A-DB91-498C-8647-B20DB228835C}.Release|Any CPU.Build.0 = Release|Any CPU
		{15248EAC-537D-4BBF-8D04-E57DA4405DB2}.Debug|Any CPU.ActiveCfg = Debug|Any CPU
		{15248EAC-537D-4BBF-8D04-E57DA4405DB2}.Debug|Any CPU.Build.0 = Debug|Any CPU
		{15248EAC-537D-4BBF-8D04-E57DA4405DB2}.Release|Any CPU.ActiveCfg = Release|Any CPU
		{15248EAC-537D-4BBF-8D04-E57DA4405DB2}.Release|Any CPU.Build.0 = Release|Any CPU
		{E33637C7-2733-4A1B-B8F8-A205A89CF881}.Debug|Any CPU.ActiveCfg = Debug|Any CPU
		{E33637C7-2733-4A1B-B8F8-A205A89CF881}.Debug|Any CPU.Build.0 = Debug|Any CPU
		{E33637C7-2733-4A1B-B8F8-A205A89CF881}.Release|Any CPU.ActiveCfg = Release|Any CPU
		{E33637C7-2733-4A1B-B8F8-A205A89CF881}.Release|Any CPU.Build.0 = Release|Any CPU
		{3DC6ECD4-5D05-4FE3-99AF-7BEEDFEA88E0}.Debug|Any CPU.ActiveCfg = Debug|Any CPU
		{3DC6ECD4-5D05-4FE3-99AF-7BEEDFEA88E0}.Debug|Any CPU.Build.0 = Debug|Any CPU
		{3DC6ECD4-5D05-4FE3-99AF-7BEEDFEA88E0}.Release|Any CPU.ActiveCfg = Release|Any CPU
		{3DC6ECD4-5D05-4FE3-99AF-7BEEDFEA88E0}.Release|Any CPU.Build.0 = Release|Any CPU
		{389A609F-3509-4CAE-A169-76EACCA4BF2B}.Debug|Any CPU.ActiveCfg = Debug|Any CPU
		{389A609F-3509-4CAE-A169-76EACCA4BF2B}.Debug|Any CPU.Build.0 = Debug|Any CPU
		{389A609F-3509-4CAE-A169-76EACCA4BF2B}.Release|Any CPU.ActiveCfg = Release|Any CPU
		{389A609F-3509-4CAE-A169-76EACCA4BF2B}.Release|Any CPU.Build.0 = Release|Any CPU
		{856E1A55-0590-45FF-A135-BE08225526F3}.Debug|Any CPU.ActiveCfg = Debug|Any CPU
		{856E1A55-0590-45FF-A135-BE08225526F3}.Debug|Any CPU.Build.0 = Debug|Any CPU
		{856E1A55-0590-45FF-A135-BE08225526F3}.Release|Any CPU.ActiveCfg = Release|Any CPU
		{856E1A55-0590-45FF-A135-BE08225526F3}.Release|Any CPU.Build.0 = Release|Any CPU
	EndGlobalSection
	GlobalSection(SolutionProperties) = preSolution
		HideSolutionNode = FALSE
	EndGlobalSection
EndGlobal
